{
  "version": 4,
  "terraform_version": "1.5.2",
  "serial": 68,
  "lineage": "0d224ac8-d2d8-a7ae-9099-7b259b34378f",
  "outputs": {},
  "resources": [
    {
      "module": "module.lambda_1_api",
      "mode": "data",
      "type": "archive_file",
      "name": "lambda_archive",
      "provider": "provider[\"registry.terraform.io/hashicorp/archive\"]",
      "instances": [
        {
          "schema_version": 0,
          "attributes": {
            "exclude_symlink_directories": null,
            "excludes": null,
            "id": "343a37413e6cbaf5961cbc81cf52ce1b53f12009",
            "output_base64sha256": "BGSbDavMa2YbwSb8c76BphKDj1TnM29oi09y/3GYu2o=",
            "output_base64sha512": "GGie1PMCvcFXAriljJZ9Wt2hR+nJklRHJsDMeFdFc8hF6NQoQPLLZ3iXI2SLGyO2mO2UyBcIwrUwTT/waXkQWw==",
            "output_file_mode": null,
            "output_md5": "736d3e930489cb67d74613e607e2034e",
            "output_path": "lambda.zip",
            "output_sha": "343a37413e6cbaf5961cbc81cf52ce1b53f12009",
            "output_sha256": "04649b0dabcc6b661bc126fc73be81a612838f54e7336f688b4f72ff7198bb6a",
            "output_sha512": "18689ed4f302bdc15702b8a58c967d5adda147e9c992544726c0cc78574573c845e8d42840f2cb67789723648b1b23b698ed94c81708c2b5304d3ff06979105b",
            "output_size": 317,
            "source": [],
            "source_content": null,
            "source_content_filename": null,
            "source_dir": null,
            "source_file": "lambda.js",
            "type": "zip"
          },
          "sensitive_attributes": []
        }
      ]
    },
    {
      "module": "module.lambda_1_api",
      "mode": "data",
      "type": "aws_iam_policy_document",
      "name": "lambda_iam_policy",
      "provider": "provider[\"registry.terraform.io/hashicorp/aws\"]",
      "instances": [
        {
          "schema_version": 0,
          "attributes": {
            "id": "2690255455",
            "json": "{\n  \"Version\": \"2012-10-17\",\n  \"Statement\": [\n    {\n      \"Effect\": \"Allow\",\n      \"Action\": \"sts:AssumeRole\",\n      \"Principal\": {\n        \"Service\": \"lambda.amazonaws.com\"\n      }\n    }\n  ]\n}",
            "override_policy_documents": null,
            "policy_id": null,
            "source_policy_documents": null,
            "statement": [
              {
                "actions": [
                  "sts:AssumeRole"
                ],
                "condition": [],
                "effect": "Allow",
                "not_actions": [],
                "not_principals": [],
                "not_resources": [],
                "principals": [
                  {
                    "identifiers": [
                      "lambda.amazonaws.com"
                    ],
                    "type": "Service"
                  }
                ],
                "resources": [],
                "sid": ""
              }
            ],
            "version": "2012-10-17"
          },
          "sensitive_attributes": []
        }
      ]
    },
    {
      "module": "module.lambda_1_api",
      "mode": "managed",
      "type": "aws_api_gateway_deployment",
      "name": "api_gw_deployment",
      "provider": "provider[\"registry.terraform.io/hashicorp/aws\"]",
      "instances": [
        {
          "schema_version": 0,
          "attributes": {
            "created_date": "2023-08-04T15:52:40Z",
            "description": "",
            "execution_arn": "arn:aws:execute-api:us-east-1::4qlac9ivfa/dev",
            "id": "0fdx8lksle",
            "invoke_url": "https://4qlac9ivfa.execute-api.us-east-1.amazonaws.com/dev",
            "rest_api_id": "4qlac9ivfa",
            "stage_description": null,
            "stage_name": "dev",
            "triggers": null,
            "variables": null
          },
          "sensitive_attributes": [],
          "private": "bnVsbA==",
          "dependencies": [
            "module.lambda_1_api.aws_api_gateway_integration.lambda",
            "module.lambda_1_api.aws_api_gateway_method.api_gw_method",
            "module.lambda_1_api.aws_api_gateway_resource.api_gw_resource",
            "module.lambda_1_api.aws_api_gateway_rest_api.api_gw_rest",
            "module.lambda_1_api.aws_iam_role.lambda_iam_role",
            "module.lambda_1_api.aws_lambda_function.lambda_function",
            "module.lambda_1_api.data.archive_file.lambda_archive",
            "module.lambda_1_api.data.aws_iam_policy_document.lambda_iam_policy",
            "module.lambda_1_api.random_pet.a"
          ]
        }
      ]
    },
    {
      "module": "module.lambda_1_api",
      "mode": "managed",
      "type": "aws_api_gateway_integration",
      "name": "lambda",
      "provider": "provider[\"registry.terraform.io/hashicorp/aws\"]",
      "instances": [
        {
          "schema_version": 0,
          "attributes": {
            "cache_key_parameters": null,
            "cache_namespace": "wtwypgwjum",
            "connection_id": "",
            "connection_type": "INTERNET",
            "content_handling": "",
            "credentials": "",
            "http_method": "ANY",
            "id": "agi-4qlac9ivfa-wtwypgwjum-ANY",
            "integration_http_method": "ANY",
            "passthrough_behavior": "",
            "request_parameters": null,
            "request_templates": {
              "application/json": "{\"statusCode\": 200}\n"
            },
            "resource_id": "wtwypgwjum",
            "rest_api_id": "4qlac9ivfa",
            "timeout_milliseconds": 2000,
            "tls_config": [],
            "type": "AWS_PROXY",
            "uri": "arn:aws:apigateway:us-east-1:lambda:path/2015-03-31/functions/arn:aws:lambda:us-east-1:000000000000:function:app_lambda_function_modern-tick/invocations"
          },
          "sensitive_attributes": [],
          "private": "bnVsbA==",
          "dependencies": [
            "module.lambda_1_api.aws_api_gateway_method.api_gw_method",
            "module.lambda_1_api.aws_api_gateway_resource.api_gw_resource",
            "module.lambda_1_api.aws_api_gateway_rest_api.api_gw_rest",
            "module.lambda_1_api.aws_iam_role.lambda_iam_role",
            "module.lambda_1_api.aws_lambda_function.lambda_function",
            "module.lambda_1_api.data.archive_file.lambda_archive",
            "module.lambda_1_api.data.aws_iam_policy_document.lambda_iam_policy",
            "module.lambda_1_api.random_pet.a"
          ]
        }
      ]
    },
    {
      "module": "module.lambda_1_api",
      "mode": "managed",
      "type": "aws_api_gateway_method",
      "name": "api_gw_method",
      "provider": "provider[\"registry.terraform.io/hashicorp/aws\"]",
      "instances": [
        {
          "schema_version": 0,
          "attributes": {
            "api_key_required": false,
            "authorization": "NONE",
            "authorization_scopes": null,
            "authorizer_id": null,
            "http_method": "ANY",
            "id": "agm-4qlac9ivfa-wtwypgwjum-ANY",
            "operation_name": null,
            "request_models": null,
            "request_parameters": null,
            "request_validator_id": null,
            "resource_id": "wtwypgwjum",
            "rest_api_id": "4qlac9ivfa"
          },
          "sensitive_attributes": [],
          "private": "bnVsbA==",
          "dependencies": [
            "module.lambda_1_api.aws_api_gateway_resource.api_gw_resource",
            "module.lambda_1_api.aws_api_gateway_rest_api.api_gw_rest",
            "module.lambda_1_api.random_pet.a"
          ]
        }
      ]
    },
    {
      "module": "module.lambda_1_api",
      "mode": "managed",
      "type": "aws_api_gateway_method_response",
      "name": "options_200",
      "provider": "provider[\"registry.terraform.io/hashicorp/aws\"]",
      "instances": [
        {
          "schema_version": 0,
          "attributes": {
            "http_method": "ANY",
            "id": "agmr-4qlac9ivfa-wtwypgwjum-ANY-200",
            "resource_id": "wtwypgwjum",
            "response_models": {
              "application/json": "Empty"
            },
            "response_parameters": {
              "method.response.header.Access-Control-Allow-Headers": true,
              "method.response.header.Access-Control-Allow-Methods": true,
              "method.response.header.Access-Control-Allow-Origin": true
            },
            "rest_api_id": "4qlac9ivfa",
            "status_code": "200"
          },
          "sensitive_attributes": [],
          "private": "bnVsbA==",
          "dependencies": [
            "module.lambda_1_api.aws_api_gateway_method.api_gw_method",
            "module.lambda_1_api.aws_api_gateway_resource.api_gw_resource",
            "module.lambda_1_api.aws_api_gateway_rest_api.api_gw_rest",
            "module.lambda_1_api.random_pet.a"
          ]
        }
      ]
    },
    {
      "module": "module.lambda_1_api",
      "mode": "managed",
      "type": "aws_api_gateway_resource",
      "name": "api_gw_resource",
      "provider": "provider[\"registry.terraform.io/hashicorp/aws\"]",
      "instances": [
        {
          "schema_version": 0,
          "attributes": {
            "id": "wtwypgwjum",
            "parent_id": "0ja4aizbdb",
            "path": "/api",
            "path_part": "api",
            "rest_api_id": "4qlac9ivfa"
          },
          "sensitive_attributes": [],
          "private": "bnVsbA==",
          "dependencies": [
            "module.lambda_1_api.aws_api_gateway_rest_api.api_gw_rest",
            "module.lambda_1_api.random_pet.a"
          ]
        }
      ]
    },
    {
      "module": "module.lambda_1_api",
      "mode": "managed",
      "type": "aws_api_gateway_rest_api",
      "name": "api_gw_rest",
      "provider": "provider[\"registry.terraform.io/hashicorp/aws\"]",
      "instances": [
        {
          "schema_version": 0,
          "attributes": {
            "api_key_source": "HEADER",
            "arn": "arn:aws:apigateway:us-east-1::/restapis/4qlac9ivfa",
            "binary_media_types": [],
            "body": null,
            "created_date": "2023-08-04T15:52:35Z",
            "description": "app api gateway",
            "disable_execute_api_endpoint": false,
            "endpoint_configuration": [
              {
                "types": [
                  "EDGE"
                ],
                "vpc_endpoint_ids": []
              }
            ],
            "execution_arn": "arn:aws:execute-api:us-east-1::4qlac9ivfa",
            "fail_on_warnings": null,
            "id": "4qlac9ivfa",
            "minimum_compression_size": "",
            "name": "app_api_gateway_modern-tick",
            "parameters": null,
            "policy": "",
            "put_rest_api_mode": null,
            "root_resource_id": "0ja4aizbdb",
            "tags": null,
            "tags_all": {}
          },
          "sensitive_attributes": [],
          "private": "bnVsbA==",
          "dependencies": [
            "module.lambda_1_api.random_pet.a"
          ]
        }
      ]
    },
    {
      "module": "module.lambda_1_api",
      "mode": "managed",
      "type": "aws_iam_role",
      "name": "lambda_iam_role",
      "provider": "provider[\"registry.terraform.io/hashicorp/aws\"]",
      "instances": [
        {
          "schema_version": 0,
          "attributes": {
            "arn": "arn:aws:iam::000000000000:role/app_iam_for_lambda_modern-tick",
            "assume_role_policy": "{\"Statement\":[{\"Action\":\"sts:AssumeRole\",\"Effect\":\"Allow\",\"Principal\":{\"Service\":\"lambda.amazonaws.com\"}}],\"Version\":\"2012-10-17\"}",
            "create_date": "2023-08-04T15:52:35Z",
            "description": "",
            "force_detach_policies": false,
            "id": "app_iam_for_lambda_modern-tick",
            "inline_policy": [],
            "managed_policy_arns": [],
            "max_session_duration": 3600,
            "name": "app_iam_for_lambda_modern-tick",
            "name_prefix": "",
            "path": "/",
            "permissions_boundary": null,
            "tags": null,
            "tags_all": {},
            "unique_id": "AROAQAAAAAAAF7M7EIKWU"
          },
          "sensitive_attributes": [],
          "private": "bnVsbA==",
          "dependencies": [
            "module.lambda_1_api.data.aws_iam_policy_document.lambda_iam_policy",
            "module.lambda_1_api.random_pet.a"
          ]
        }
      ]
    },
    {
      "module": "module.lambda_1_api",
      "mode": "managed",
      "type": "aws_lambda_function",
      "name": "lambda_function",
      "provider": "provider[\"registry.terraform.io/hashicorp/aws\"]",
      "instances": [
        {
          "schema_version": 0,
          "attributes": {
            "architectures": [
              "x86_64"
            ],
            "arn": "arn:aws:lambda:us-east-1:000000000000:function:app_lambda_function_modern-tick",
            "code_signing_config_arn": "",
            "dead_letter_config": [],
            "description": "",
            "environment": [
              {
                "variables": {
                  "foo": "bar"
                }
              }
            ],
            "ephemeral_storage": [
              {
                "size": 512
              }
            ],
            "file_system_config": [],
            "filename": "lambda.zip",
            "function_name": "app_lambda_function_modern-tick",
            "handler": "lambda.apiTestHandler",
            "id": "app_lambda_function_modern-tick",
            "image_config": [],
            "image_uri": "",
            "invoke_arn": "arn:aws:apigateway:us-east-1:lambda:path/2015-03-31/functions/arn:aws:lambda:us-east-1:000000000000:function:app_lambda_function_modern-tick/invocations",
            "kms_key_arn": "",
            "last_modified": "2023-08-04T15:52:35.421910+0000",
            "layers": null,
            "memory_size": 128,
            "package_type": "Zip",
            "publish": false,
            "qualified_arn": "arn:aws:lambda:us-east-1:000000000000:function:app_lambda_function_modern-tick:$LATEST",
            "qualified_invoke_arn": "arn:aws:apigateway:us-east-1:lambda:path/2015-03-31/functions/arn:aws:lambda:us-east-1:000000000000:function:app_lambda_function_modern-tick:$LATEST/invocations",
            "replace_security_groups_on_destroy": null,
            "replacement_security_group_ids": null,
            "reserved_concurrent_executions": -1,
            "role": "arn:aws:iam::000000000000:role/app_iam_for_lambda_modern-tick",
            "runtime": "nodejs18.x",
            "s3_bucket": null,
            "s3_key": null,
            "s3_object_version": null,
            "signing_job_arn": "",
            "signing_profile_version_arn": "",
            "skip_destroy": false,
            "snap_start": [],
            "source_code_hash": "BGSbDavMa2YbwSb8c76BphKDj1TnM29oi09y/3GYu2o=",
            "source_code_size": 317,
            "tags": null,
            "tags_all": {},
            "timeout": 3,
            "timeouts": null,
            "tracing_config": [
              {
                "mode": "PassThrough"
              }
            ],
            "version": "$LATEST",
            "vpc_config": []
          },
          "sensitive_attributes": [],
          "private": "eyJlMmJmYjczMC1lY2FhLTExZTYtOGY4OC0zNDM2M2JjN2M0YzAiOnsiY3JlYXRlIjo2MDAwMDAwMDAwMDAsImRlbGV0ZSI6NjAwMDAwMDAwMDAwLCJ1cGRhdGUiOjYwMDAwMDAwMDAwMH19",
          "dependencies": [
            "module.lambda_1_api.aws_iam_role.lambda_iam_role",
            "module.lambda_1_api.data.archive_file.lambda_archive",
            "module.lambda_1_api.data.aws_iam_policy_document.lambda_iam_policy",
            "module.lambda_1_api.random_pet.a"
          ]
        }
      ]
    },
    {
      "module": "module.lambda_1_api",
      "mode": "managed",
      "type": "aws_lambda_permission",
      "name": "api_gw",
      "provider": "provider[\"registry.terraform.io/hashicorp/aws\"]",
      "instances": [
        {
          "schema_version": 0,
          "attributes": {
            "action": "lambda:InvokeFunction",
            "event_source_token": null,
            "function_name": "app_lambda_function_modern-tick",
            "function_url_auth_type": null,
            "id": "AllowExecutionFromAPIGateway",
            "principal": "apigateway.amazonaws.com",
            "principal_org_id": null,
            "qualifier": "",
            "source_account": null,
            "source_arn": "arn:aws:execute-api:us-east-1::4qlac9ivfa/*/*",
            "statement_id": "AllowExecutionFromAPIGateway",
            "statement_id_prefix": ""
          },
          "sensitive_attributes": [],
          "private": "bnVsbA==",
          "dependencies": [
            "module.lambda_1_api.aws_api_gateway_rest_api.api_gw_rest",
            "module.lambda_1_api.aws_iam_role.lambda_iam_role",
            "module.lambda_1_api.aws_lambda_function.lambda_function",
            "module.lambda_1_api.data.archive_file.lambda_archive",
            "module.lambda_1_api.data.aws_iam_policy_document.lambda_iam_policy",
            "module.lambda_1_api.random_pet.a"
          ]
        }
      ]
    },
    {
      "module": "module.lambda_1_api",
      "mode": "managed",
      "type": "random_pet",
      "name": "a",
      "provider": "provider[\"registry.terraform.io/hashicorp/random\"]",
      "instances": [
        {
          "schema_version": 0,
          "attributes": {
            "id": "modern-tick",
            "keepers": {
              "ami_id": "version1"
            },
            "length": 2,
            "prefix": null,
            "separator": "-"
          },
          "sensitive_attributes": []
        }
      ]
    }
  ],
  "check_results": null
}
